
Microsoft Visual Studio Solution File, Format Version 12.00
# Visual Studio Version 17
VisualStudioVersion = 17.10.35027.167
MinimumVisualStudioVersion = 10.0.40219.1
Project("{8BC9CEB8-8B4A-11D0-8D11-00A0C91BC942}") = "problem_1", "problem_1\problem_1.vcxproj", "{7F641175-5BDA-4642-BA9C-F45C3FBE1F1F}"
EndProject
Project("{8BC9CEB8-8B4A-11D0-8D11-00A0C91BC942}") = "problem2", "problem2\problem2.vcxproj", "{CE346C39-E86A-4828-875E-50B7B2397AFF}"
EndProject
Project("{8BC9CEB8-8B4A-11D0-8D11-00A0C91BC942}") = "problem3", "problem3\problem3.vcxproj", "{2D7D34F8-8C78-4271-932A-E348A7CD37B7}"
EndProject
Project("{8BC9CEB8-8B4A-11D0-8D11-00A0C91BC942}") = "problem4", "problem4\problem4.vcxproj", "{9A6FA490-1F09-4584-8F42-A843968E04FF}"
EndProject
Project("{8BC9CEB8-8B4A-11D0-8D11-00A0C91BC942}") = "problem5", "problem5\problem5.vcxproj", "{648E8479-018C-45A2-ADED-60630DAB7692}"
EndProject
Project("{8BC9CEB8-8B4A-11D0-8D11-00A0C91BC942}") = "problem6", "problem6\problem6.vcxproj", "{57B727EF-9CCC-445B-9734-9C679FE2B944}"
EndProject
Project("{8BC9CEB8-8B4A-11D0-8D11-00A0C91BC942}") = "problem8", "problem8\problem8.vcxproj", "{90E909A1-CCCA-4ABB-B2B1-03628A802C93}"
EndProject
Project("{8BC9CEB8-8B4A-11D0-8D11-00A0C91BC942}") = "problem7", "problem7\problem7.vcxproj", "{6694DD6D-A595-4502-A40C-5F8B01B9DC47}"
EndProject
Project("{8BC9CEB8-8B4A-11D0-8D11-00A0C91BC942}") = "problem9", "problem9\problem9.vcxproj", "{BD97FCA5-560B-4D59-A0D4-DAA056A752EA}"
EndProject
Project("{8BC9CEB8-8B4A-11D0-8D11-00A0C91BC942}") = "problem10", "problem10\problem10.vcxproj", "{5A3F2932-243F-41B6-9905-710A5478DE4D}"
EndProject
Project("{8BC9CEB8-8B4A-11D0-8D11-00A0C91BC942}") = "problem11", "problem11\problem11.vcxproj", "{39EEF9B8-2E63-442D-9FFD-B0F32DA9CA8B}"
EndProject
Project("{8BC9CEB8-8B4A-11D0-8D11-00A0C91BC942}") = "problem12", "problem12\problem12.vcxproj", "{953E7B20-522B-49A4-A147-5E3EBAC75AD9}"
EndProject
Project("{8BC9CEB8-8B4A-11D0-8D11-00A0C91BC942}") = "problem13", "problem13\problem13.vcxproj", "{BA0C9A19-DAE8-4B27-BEDA-BC77282EB081}"
EndProject
Project("{8BC9CEB8-8B4A-11D0-8D11-00A0C91BC942}") = "problem14", "problem14\problem14.vcxproj", "{65245157-FC27-40AE-A7E3-F5E05FE6BD17}"
EndProject
Project("{8BC9CEB8-8B4A-11D0-8D11-00A0C91BC942}") = "problem15", "problem15\problem15.vcxproj", "{51009500-8D60-470B-96DA-02576A4B765A}"
EndProject
Project("{8BC9CEB8-8B4A-11D0-8D11-00A0C91BC942}") = "problem16", "problem16\problem16.vcxproj", "{3249C4F4-CF81-4597-9BCB-6E7E9E4DA0AF}"
EndProject
Project("{8BC9CEB8-8B4A-11D0-8D11-00A0C91BC942}") = "problem17", "problem17\problem17.vcxproj", "{874BD4F5-3314-4E1E-BA10-18C63184DC23}"
EndProject
Project("{8BC9CEB8-8B4A-11D0-8D11-00A0C91BC942}") = "problem20", "problem20\problem20.vcxproj", "{96158D39-D7D9-4838-9E4B-9A9DD4E62EAC}"
EndProject
Project("{8BC9CEB8-8B4A-11D0-8D11-00A0C91BC942}") = "problem18", "problem18\problem18.vcxproj", "{7A1FDE89-BD95-4842-9E7E-51737D6C69D7}"
EndProject
Project("{8BC9CEB8-8B4A-11D0-8D11-00A0C91BC942}") = "problem19", "problem19\problem19.vcxproj", "{4D4F2ED7-F9BF-455F-86F2-5CFAA414C75B}"
EndProject
Project("{8BC9CEB8-8B4A-11D0-8D11-00A0C91BC942}") = "problem26", "problem26\problem26.vcxproj", "{CD199EBA-A67B-42A2-8938-0B34098BFC9C}"
EndProject
Project("{8BC9CEB8-8B4A-11D0-8D11-00A0C91BC942}") = "problem28", "problem28\problem28.vcxproj", "{9E6A4665-832D-4B31-8E7C-3AABD13841BD}"
EndProject
Project("{8BC9CEB8-8B4A-11D0-8D11-00A0C91BC942}") = "problem29", "problem29\problem29.vcxproj", "{D0990401-C820-442D-A80C-A7C5F159E1EC}"
EndProject
Project("{8BC9CEB8-8B4A-11D0-8D11-00A0C91BC942}") = "problem30", "problem30\problem30.vcxproj", "{1F32024A-F613-4AB0-82C7-F8785FE201B3}"
EndProject
Project("{8BC9CEB8-8B4A-11D0-8D11-00A0C91BC942}") = "problem31", "problem31\problem31.vcxproj", "{41F7EBA3-8DFB-4D23-8854-6ADCC590B94F}"
EndProject
Project("{8BC9CEB8-8B4A-11D0-8D11-00A0C91BC942}") = "problem32", "problem32\problem32.vcxproj", "{B7C305C8-6BD0-4C09-9D67-0CFC096F3B7A}"
EndProject
Project("{8BC9CEB8-8B4A-11D0-8D11-00A0C91BC942}") = "problem33", "problem33\problem33.vcxproj", "{9825EBCF-0787-4304-BFCA-564D062425D0}"
EndProject
Project("{8BC9CEB8-8B4A-11D0-8D11-00A0C91BC942}") = "problem34", "problem34\problem34.vcxproj", "{CA248E6C-21BD-4141-AEE1-6312E907D6A9}"
EndProject
Project("{8BC9CEB8-8B4A-11D0-8D11-00A0C91BC942}") = "problem35", "problem35\problem35.vcxproj", "{4E0AA3E0-03DD-491E-B6F1-C0ACC869D2D2}"
EndProject
Project("{8BC9CEB8-8B4A-11D0-8D11-00A0C91BC942}") = "problem36", "problem36\problem36.vcxproj", "{603F0918-2A3A-428B-8968-7E6B25E854B4}"
EndProject
Project("{8BC9CEB8-8B4A-11D0-8D11-00A0C91BC942}") = "problem37", "problem37\problem37.vcxproj", "{72E50953-6B7E-4595-9871-14C13465F3F3}"
EndProject
Project("{8BC9CEB8-8B4A-11D0-8D11-00A0C91BC942}") = "problem38", "problem38\problem38.vcxproj", "{CDFB3025-45AA-4A7C-86ED-F3234FB093E3}"
EndProject
Project("{8BC9CEB8-8B4A-11D0-8D11-00A0C91BC942}") = "problem39", "problem39\problem39.vcxproj", "{9A2CE9EA-3756-4C4F-9C02-688581341FF2}"
EndProject
Project("{8BC9CEB8-8B4A-11D0-8D11-00A0C91BC942}") = "Problem40", "Problem40\Problem40.vcxproj", "{05408F69-6861-4C9A-8A83-B915946096FA}"
EndProject
Project("{8BC9CEB8-8B4A-11D0-8D11-00A0C91BC942}") = "problem41", "problem41\problem41.vcxproj", "{9DBFC495-BA94-4473-85FF-91793877971C}"
EndProject
Project("{8BC9CEB8-8B4A-11D0-8D11-00A0C91BC942}") = "problem42", "problem42\problem42.vcxproj", "{35F0F619-5904-43D2-BCCF-1D6E7499046D}"
EndProject
Project("{8BC9CEB8-8B4A-11D0-8D11-00A0C91BC942}") = "problem43", "problem43\problem43.vcxproj", "{61A049E7-0DCA-4FFB-96D1-E254A6FA8F16}"
EndProject
Project("{8BC9CEB8-8B4A-11D0-8D11-00A0C91BC942}") = "problem44", "problem44\problem44.vcxproj", "{FC8C0D0E-0652-4279-971E-AE86A9F50EAD}"
EndProject
Project("{8BC9CEB8-8B4A-11D0-8D11-00A0C91BC942}") = "problem45", "problem45\problem45.vcxproj", "{CB0BA4BB-C6C2-47EE-AE97-E3A5D0C9A86D}"
EndProject
Project("{8BC9CEB8-8B4A-11D0-8D11-00A0C91BC942}") = "problem46", "problem46\problem46.vcxproj", "{9B391CD5-1C20-4A7E-AAA7-C2D2CB991D1D}"
EndProject
Project("{8BC9CEB8-8B4A-11D0-8D11-00A0C91BC942}") = "problem47", "problem47\problem47.vcxproj", "{D4F789DD-4421-4411-9979-4EE87946E0C7}"
EndProject
Project("{8BC9CEB8-8B4A-11D0-8D11-00A0C91BC942}") = "problem48", "problem48\problem48.vcxproj", "{2CAC3C78-43CF-4358-825D-62B96532B45F}"
EndProject
Project("{8BC9CEB8-8B4A-11D0-8D11-00A0C91BC942}") = "problem49", "problem49\problem49.vcxproj", "{47616766-718B-47A9-8EBA-435F945A53A7}"
EndProject
Project("{8BC9CEB8-8B4A-11D0-8D11-00A0C91BC942}") = "problem50", "problem50\problem50.vcxproj", "{F4B55747-B259-4283-8ABF-318A6EF5AB31}"
EndProject
Global
	GlobalSection(SolutionConfigurationPlatforms) = preSolution
		Debug|x64 = Debug|x64
		Debug|x86 = Debug|x86
		Release|x64 = Release|x64
		Release|x86 = Release|x86
	EndGlobalSection
	GlobalSection(ProjectConfigurationPlatforms) = postSolution
		{7F641175-5BDA-4642-BA9C-F45C3FBE1F1F}.Debug|x64.ActiveCfg = Debug|x64
		{7F641175-5BDA-4642-BA9C-F45C3FBE1F1F}.Debug|x64.Build.0 = Debug|x64
		{7F641175-5BDA-4642-BA9C-F45C3FBE1F1F}.Debug|x86.ActiveCfg = Debug|Win32
		{7F641175-5BDA-4642-BA9C-F45C3FBE1F1F}.Debug|x86.Build.0 = Debug|Win32
		{7F641175-5BDA-4642-BA9C-F45C3FBE1F1F}.Release|x64.ActiveCfg = Release|x64
		{7F641175-5BDA-4642-BA9C-F45C3FBE1F1F}.Release|x64.Build.0 = Release|x64
		{7F641175-5BDA-4642-BA9C-F45C3FBE1F1F}.Release|x86.ActiveCfg = Release|Win32
		{7F641175-5BDA-4642-BA9C-F45C3FBE1F1F}.Release|x86.Build.0 = Release|Win32
		{CE346C39-E86A-4828-875E-50B7B2397AFF}.Debug|x64.ActiveCfg = Debug|x64
		{CE346C39-E86A-4828-875E-50B7B2397AFF}.Debug|x64.Build.0 = Debug|x64
		{CE346C39-E86A-4828-875E-50B7B2397AFF}.Debug|x86.ActiveCfg = Debug|Win32
		{CE346C39-E86A-4828-875E-50B7B2397AFF}.Debug|x86.Build.0 = Debug|Win32
		{CE346C39-E86A-4828-875E-50B7B2397AFF}.Release|x64.ActiveCfg = Release|x64
		{CE346C39-E86A-4828-875E-50B7B2397AFF}.Release|x64.Build.0 = Release|x64
		{CE346C39-E86A-4828-875E-50B7B2397AFF}.Release|x86.ActiveCfg = Release|Win32
		{CE346C39-E86A-4828-875E-50B7B2397AFF}.Release|x86.Build.0 = Release|Win32
		{2D7D34F8-8C78-4271-932A-E348A7CD37B7}.Debug|x64.ActiveCfg = Debug|x64
		{2D7D34F8-8C78-4271-932A-E348A7CD37B7}.Debug|x64.Build.0 = Debug|x64
		{2D7D34F8-8C78-4271-932A-E348A7CD37B7}.Debug|x86.ActiveCfg = Debug|Win32
		{2D7D34F8-8C78-4271-932A-E348A7CD37B7}.Debug|x86.Build.0 = Debug|Win32
		{2D7D34F8-8C78-4271-932A-E348A7CD37B7}.Release|x64.ActiveCfg = Release|x64
		{2D7D34F8-8C78-4271-932A-E348A7CD37B7}.Release|x64.Build.0 = Release|x64
		{2D7D34F8-8C78-4271-932A-E348A7CD37B7}.Release|x86.ActiveCfg = Release|Win32
		{2D7D34F8-8C78-4271-932A-E348A7CD37B7}.Release|x86.Build.0 = Release|Win32
		{9A6FA490-1F09-4584-8F42-A843968E04FF}.Debug|x64.ActiveCfg = Debug|x64
		{9A6FA490-1F09-4584-8F42-A843968E04FF}.Debug|x64.Build.0 = Debug|x64
		{9A6FA490-1F09-4584-8F42-A843968E04FF}.Debug|x86.ActiveCfg = Debug|Win32
		{9A6FA490-1F09-4584-8F42-A843968E04FF}.Debug|x86.Build.0 = Debug|Win32
		{9A6FA490-1F09-4584-8F42-A843968E04FF}.Release|x64.ActiveCfg = Release|x64
		{9A6FA490-1F09-4584-8F42-A843968E04FF}.Release|x64.Build.0 = Release|x64
		{9A6FA490-1F09-4584-8F42-A843968E04FF}.Release|x86.ActiveCfg = Release|Win32
		{9A6FA490-1F09-4584-8F42-A843968E04FF}.Release|x86.Build.0 = Release|Win32
		{648E8479-018C-45A2-ADED-60630DAB7692}.Debug|x64.ActiveCfg = Debug|x64
		{648E8479-018C-45A2-ADED-60630DAB7692}.Debug|x64.Build.0 = Debug|x64
		{648E8479-018C-45A2-ADED-60630DAB7692}.Debug|x86.ActiveCfg = Debug|Win32
		{648E8479-018C-45A2-ADED-60630DAB7692}.Debug|x86.Build.0 = Debug|Win32
		{648E8479-018C-45A2-ADED-60630DAB7692}.Release|x64.ActiveCfg = Release|x64
		{648E8479-018C-45A2-ADED-60630DAB7692}.Release|x64.Build.0 = Release|x64
		{648E8479-018C-45A2-ADED-60630DAB7692}.Release|x86.ActiveCfg = Release|Win32
		{648E8479-018C-45A2-ADED-60630DAB7692}.Release|x86.Build.0 = Release|Win32
		{57B727EF-9CCC-445B-9734-9C679FE2B944}.Debug|x64.ActiveCfg = Debug|x64
		{57B727EF-9CCC-445B-9734-9C679FE2B944}.Debug|x64.Build.0 = Debug|x64
		{57B727EF-9CCC-445B-9734-9C679FE2B944}.Debug|x86.ActiveCfg = Debug|Win32
		{57B727EF-9CCC-445B-9734-9C679FE2B944}.Debug|x86.Build.0 = Debug|Win32
		{57B727EF-9CCC-445B-9734-9C679FE2B944}.Release|x64.ActiveCfg = Release|x64
		{57B727EF-9CCC-445B-9734-9C679FE2B944}.Release|x64.Build.0 = Release|x64
		{57B727EF-9CCC-445B-9734-9C679FE2B944}.Release|x86.ActiveCfg = Release|Win32
		{57B727EF-9CCC-445B-9734-9C679FE2B944}.Release|x86.Build.0 = Release|Win32
		{90E909A1-CCCA-4ABB-B2B1-03628A802C93}.Debug|x64.ActiveCfg = Debug|x64
		{90E909A1-CCCA-4ABB-B2B1-03628A802C93}.Debug|x64.Build.0 = Debug|x64
		{90E909A1-CCCA-4ABB-B2B1-03628A802C93}.Debug|x86.ActiveCfg = Debug|Win32
		{90E909A1-CCCA-4ABB-B2B1-03628A802C93}.Debug|x86.Build.0 = Debug|Win32
		{90E909A1-CCCA-4ABB-B2B1-03628A802C93}.Release|x64.ActiveCfg = Release|x64
		{90E909A1-CCCA-4ABB-B2B1-03628A802C93}.Release|x64.Build.0 = Release|x64
		{90E909A1-CCCA-4ABB-B2B1-03628A802C93}.Release|x86.ActiveCfg = Release|Win32
		{90E909A1-CCCA-4ABB-B2B1-03628A802C93}.Release|x86.Build.0 = Release|Win32
		{6694DD6D-A595-4502-A40C-5F8B01B9DC47}.Debug|x64.ActiveCfg = Debug|x64
		{6694DD6D-A595-4502-A40C-5F8B01B9DC47}.Debug|x64.Build.0 = Debug|x64
		{6694DD6D-A595-4502-A40C-5F8B01B9DC47}.Debug|x86.ActiveCfg = Debug|Win32
		{6694DD6D-A595-4502-A40C-5F8B01B9DC47}.Debug|x86.Build.0 = Debug|Win32
		{6694DD6D-A595-4502-A40C-5F8B01B9DC47}.Release|x64.ActiveCfg = Release|x64
		{6694DD6D-A595-4502-A40C-5F8B01B9DC47}.Release|x64.Build.0 = Release|x64
		{6694DD6D-A595-4502-A40C-5F8B01B9DC47}.Release|x86.ActiveCfg = Release|Win32
		{6694DD6D-A595-4502-A40C-5F8B01B9DC47}.Release|x86.Build.0 = Release|Win32
		{BD97FCA5-560B-4D59-A0D4-DAA056A752EA}.Debug|x64.ActiveCfg = Debug|x64
		{BD97FCA5-560B-4D59-A0D4-DAA056A752EA}.Debug|x64.Build.0 = Debug|x64
		{BD97FCA5-560B-4D59-A0D4-DAA056A752EA}.Debug|x86.ActiveCfg = Debug|Win32
		{BD97FCA5-560B-4D59-A0D4-DAA056A752EA}.Debug|x86.Build.0 = Debug|Win32
		{BD97FCA5-560B-4D59-A0D4-DAA056A752EA}.Release|x64.ActiveCfg = Release|x64
		{BD97FCA5-560B-4D59-A0D4-DAA056A752EA}.Release|x64.Build.0 = Release|x64
		{BD97FCA5-560B-4D59-A0D4-DAA056A752EA}.Release|x86.ActiveCfg = Release|Win32
		{BD97FCA5-560B-4D59-A0D4-DAA056A752EA}.Release|x86.Build.0 = Release|Win32
		{5A3F2932-243F-41B6-9905-710A5478DE4D}.Debug|x64.ActiveCfg = Debug|x64
		{5A3F2932-243F-41B6-9905-710A5478DE4D}.Debug|x64.Build.0 = Debug|x64
		{5A3F2932-243F-41B6-9905-710A5478DE4D}.Debug|x86.ActiveCfg = Debug|Win32
		{5A3F2932-243F-41B6-9905-710A5478DE4D}.Debug|x86.Build.0 = Debug|Win32
		{5A3F2932-243F-41B6-9905-710A5478DE4D}.Release|x64.ActiveCfg = Release|x64
		{5A3F2932-243F-41B6-9905-710A5478DE4D}.Release|x64.Build.0 = Release|x64
		{5A3F2932-243F-41B6-9905-710A5478DE4D}.Release|x86.ActiveCfg = Release|Win32
		{5A3F2932-243F-41B6-9905-710A5478DE4D}.Release|x86.Build.0 = Release|Win32
		{39EEF9B8-2E63-442D-9FFD-B0F32DA9CA8B}.Debug|x64.ActiveCfg = Debug|x64
		{39EEF9B8-2E63-442D-9FFD-B0F32DA9CA8B}.Debug|x64.Build.0 = Debug|x64
		{39EEF9B8-2E63-442D-9FFD-B0F32DA9CA8B}.Debug|x86.ActiveCfg = Debug|Win32
		{39EEF9B8-2E63-442D-9FFD-B0F32DA9CA8B}.Debug|x86.Build.0 = Debug|Win32
		{39EEF9B8-2E63-442D-9FFD-B0F32DA9CA8B}.Release|x64.ActiveCfg = Release|x64
		{39EEF9B8-2E63-442D-9FFD-B0F32DA9CA8B}.Release|x64.Build.0 = Release|x64
		{39EEF9B8-2E63-442D-9FFD-B0F32DA9CA8B}.Release|x86.ActiveCfg = Release|Win32
		{39EEF9B8-2E63-442D-9FFD-B0F32DA9CA8B}.Release|x86.Build.0 = Release|Win32
		{953E7B20-522B-49A4-A147-5E3EBAC75AD9}.Debug|x64.ActiveCfg = Debug|x64
		{953E7B20-522B-49A4-A147-5E3EBAC75AD9}.Debug|x64.Build.0 = Debug|x64
		{953E7B20-522B-49A4-A147-5E3EBAC75AD9}.Debug|x86.ActiveCfg = Debug|Win32
		{953E7B20-522B-49A4-A147-5E3EBAC75AD9}.Debug|x86.Build.0 = Debug|Win32
		{953E7B20-522B-49A4-A147-5E3EBAC75AD9}.Release|x64.ActiveCfg = Release|x64
		{953E7B20-522B-49A4-A147-5E3EBAC75AD9}.Release|x64.Build.0 = Release|x64
		{953E7B20-522B-49A4-A147-5E3EBAC75AD9}.Release|x86.ActiveCfg = Release|Win32
		{953E7B20-522B-49A4-A147-5E3EBAC75AD9}.Release|x86.Build.0 = Release|Win32
		{BA0C9A19-DAE8-4B27-BEDA-BC77282EB081}.Debug|x64.ActiveCfg = Debug|x64
		{BA0C9A19-DAE8-4B27-BEDA-BC77282EB081}.Debug|x64.Build.0 = Debug|x64
		{BA0C9A19-DAE8-4B27-BEDA-BC77282EB081}.Debug|x86.ActiveCfg = Debug|Win32
		{BA0C9A19-DAE8-4B27-BEDA-BC77282EB081}.Debug|x86.Build.0 = Debug|Win32
		{BA0C9A19-DAE8-4B27-BEDA-BC77282EB081}.Release|x64.ActiveCfg = Release|x64
		{BA0C9A19-DAE8-4B27-BEDA-BC77282EB081}.Release|x64.Build.0 = Release|x64
		{BA0C9A19-DAE8-4B27-BEDA-BC77282EB081}.Release|x86.ActiveCfg = Release|Win32
		{BA0C9A19-DAE8-4B27-BEDA-BC77282EB081}.Release|x86.Build.0 = Release|Win32
		{65245157-FC27-40AE-A7E3-F5E05FE6BD17}.Debug|x64.ActiveCfg = Debug|x64
		{65245157-FC27-40AE-A7E3-F5E05FE6BD17}.Debug|x64.Build.0 = Debug|x64
		{65245157-FC27-40AE-A7E3-F5E05FE6BD17}.Debug|x86.ActiveCfg = Debug|Win32
		{65245157-FC27-40AE-A7E3-F5E05FE6BD17}.Debug|x86.Build.0 = Debug|Win32
		{65245157-FC27-40AE-A7E3-F5E05FE6BD17}.Release|x64.ActiveCfg = Release|x64
		{65245157-FC27-40AE-A7E3-F5E05FE6BD17}.Release|x64.Build.0 = Release|x64
		{65245157-FC27-40AE-A7E3-F5E05FE6BD17}.Release|x86.ActiveCfg = Release|Win32
		{65245157-FC27-40AE-A7E3-F5E05FE6BD17}.Release|x86.Build.0 = Release|Win32
		{51009500-8D60-470B-96DA-02576A4B765A}.Debug|x64.ActiveCfg = Debug|x64
		{51009500-8D60-470B-96DA-02576A4B765A}.Debug|x64.Build.0 = Debug|x64
		{51009500-8D60-470B-96DA-02576A4B765A}.Debug|x86.ActiveCfg = Debug|Win32
		{51009500-8D60-470B-96DA-02576A4B765A}.Debug|x86.Build.0 = Debug|Win32
		{51009500-8D60-470B-96DA-02576A4B765A}.Release|x64.ActiveCfg = Release|x64
		{51009500-8D60-470B-96DA-02576A4B765A}.Release|x64.Build.0 = Release|x64
		{51009500-8D60-470B-96DA-02576A4B765A}.Release|x86.ActiveCfg = Release|Win32
		{51009500-8D60-470B-96DA-02576A4B765A}.Release|x86.Build.0 = Release|Win32
		{3249C4F4-CF81-4597-9BCB-6E7E9E4DA0AF}.Debug|x64.ActiveCfg = Debug|x64
		{3249C4F4-CF81-4597-9BCB-6E7E9E4DA0AF}.Debug|x64.Build.0 = Debug|x64
		{3249C4F4-CF81-4597-9BCB-6E7E9E4DA0AF}.Debug|x86.ActiveCfg = Debug|Win32
		{3249C4F4-CF81-4597-9BCB-6E7E9E4DA0AF}.Debug|x86.Build.0 = Debug|Win32
		{3249C4F4-CF81-4597-9BCB-6E7E9E4DA0AF}.Release|x64.ActiveCfg = Release|x64
		{3249C4F4-CF81-4597-9BCB-6E7E9E4DA0AF}.Release|x64.Build.0 = Release|x64
		{3249C4F4-CF81-4597-9BCB-6E7E9E4DA0AF}.Release|x86.ActiveCfg = Release|Win32
		{3249C4F4-CF81-4597-9BCB-6E7E9E4DA0AF}.Release|x86.Build.0 = Release|Win32
		{874BD4F5-3314-4E1E-BA10-18C63184DC23}.Debug|x64.ActiveCfg = Debug|x64
		{874BD4F5-3314-4E1E-BA10-18C63184DC23}.Debug|x64.Build.0 = Debug|x64
		{874BD4F5-3314-4E1E-BA10-18C63184DC23}.Debug|x86.ActiveCfg = Debug|Win32
		{874BD4F5-3314-4E1E-BA10-18C63184DC23}.Debug|x86.Build.0 = Debug|Win32
		{874BD4F5-3314-4E1E-BA10-18C63184DC23}.Release|x64.ActiveCfg = Release|x64
		{874BD4F5-3314-4E1E-BA10-18C63184DC23}.Release|x64.Build.0 = Release|x64
		{874BD4F5-3314-4E1E-BA10-18C63184DC23}.Release|x86.ActiveCfg = Release|Win32
		{874BD4F5-3314-4E1E-BA10-18C63184DC23}.Release|x86.Build.0 = Release|Win32
		{96158D39-D7D9-4838-9E4B-9A9DD4E62EAC}.Debug|x64.ActiveCfg = Debug|x64
		{96158D39-D7D9-4838-9E4B-9A9DD4E62EAC}.Debug|x64.Build.0 = Debug|x64
		{96158D39-D7D9-4838-9E4B-9A9DD4E62EAC}.Debug|x86.ActiveCfg = Debug|Win32
		{96158D39-D7D9-4838-9E4B-9A9DD4E62EAC}.Debug|x86.Build.0 = Debug|Win32
		{96158D39-D7D9-4838-9E4B-9A9DD4E62EAC}.Release|x64.ActiveCfg = Release|x64
		{96158D39-D7D9-4838-9E4B-9A9DD4E62EAC}.Release|x64.Build.0 = Release|x64
		{96158D39-D7D9-4838-9E4B-9A9DD4E62EAC}.Release|x86.ActiveCfg = Release|Win32
		{96158D39-D7D9-4838-9E4B-9A9DD4E62EAC}.Release|x86.Build.0 = Release|Win32
		{7A1FDE89-BD95-4842-9E7E-51737D6C69D7}.Debug|x64.ActiveCfg = Debug|x64
		{7A1FDE89-BD95-4842-9E7E-51737D6C69D7}.Debug|x64.Build.0 = Debug|x64
		{7A1FDE89-BD95-4842-9E7E-51737D6C69D7}.Debug|x86.ActiveCfg = Debug|Win32
		{7A1FDE89-BD95-4842-9E7E-51737D6C69D7}.Debug|x86.Build.0 = Debug|Win32
		{7A1FDE89-BD95-4842-9E7E-51737D6C69D7}.Release|x64.ActiveCfg = Release|x64
		{7A1FDE89-BD95-4842-9E7E-51737D6C69D7}.Release|x64.Build.0 = Release|x64
		{7A1FDE89-BD95-4842-9E7E-51737D6C69D7}.Release|x86.ActiveCfg = Release|Win32
		{7A1FDE89-BD95-4842-9E7E-51737D6C69D7}.Release|x86.Build.0 = Release|Win32
		{4D4F2ED7-F9BF-455F-86F2-5CFAA414C75B}.Debug|x64.ActiveCfg = Debug|x64
		{4D4F2ED7-F9BF-455F-86F2-5CFAA414C75B}.Debug|x64.Build.0 = Debug|x64
		{4D4F2ED7-F9BF-455F-86F2-5CFAA414C75B}.Debug|x86.ActiveCfg = Debug|Win32
		{4D4F2ED7-F9BF-455F-86F2-5CFAA414C75B}.Debug|x86.Build.0 = Debug|Win32
		{4D4F2ED7-F9BF-455F-86F2-5CFAA414C75B}.Release|x64.ActiveCfg = Release|x64
		{4D4F2ED7-F9BF-455F-86F2-5CFAA414C75B}.Release|x64.Build.0 = Release|x64
		{4D4F2ED7-F9BF-455F-86F2-5CFAA414C75B}.Release|x86.ActiveCfg = Release|Win32
		{4D4F2ED7-F9BF-455F-86F2-5CFAA414C75B}.Release|x86.Build.0 = Release|Win32
		{CD199EBA-A67B-42A2-8938-0B34098BFC9C}.Debug|x64.ActiveCfg = Debug|x64
		{CD199EBA-A67B-42A2-8938-0B34098BFC9C}.Debug|x64.Build.0 = Debug|x64
		{CD199EBA-A67B-42A2-8938-0B34098BFC9C}.Debug|x86.ActiveCfg = Debug|Win32
		{CD199EBA-A67B-42A2-8938-0B34098BFC9C}.Debug|x86.Build.0 = Debug|Win32
		{CD199EBA-A67B-42A2-8938-0B34098BFC9C}.Release|x64.ActiveCfg = Release|x64
		{CD199EBA-A67B-42A2-8938-0B34098BFC9C}.Release|x64.Build.0 = Release|x64
		{CD199EBA-A67B-42A2-8938-0B34098BFC9C}.Release|x86.ActiveCfg = Release|Win32
		{CD199EBA-A67B-42A2-8938-0B34098BFC9C}.Release|x86.Build.0 = Release|Win32
		{9E6A4665-832D-4B31-8E7C-3AABD13841BD}.Debug|x64.ActiveCfg = Debug|x64
		{9E6A4665-832D-4B31-8E7C-3AABD13841BD}.Debug|x64.Build.0 = Debug|x64
		{9E6A4665-832D-4B31-8E7C-3AABD13841BD}.Debug|x86.ActiveCfg = Debug|Win32
		{9E6A4665-832D-4B31-8E7C-3AABD13841BD}.Debug|x86.Build.0 = Debug|Win32
		{9E6A4665-832D-4B31-8E7C-3AABD13841BD}.Release|x64.ActiveCfg = Release|x64
		{9E6A4665-832D-4B31-8E7C-3AABD13841BD}.Release|x64.Build.0 = Release|x64
		{9E6A4665-832D-4B31-8E7C-3AABD13841BD}.Release|x86.ActiveCfg = Release|Win32
		{9E6A4665-832D-4B31-8E7C-3AABD13841BD}.Release|x86.Build.0 = Release|Win32
		{D0990401-C820-442D-A80C-A7C5F159E1EC}.Debug|x64.ActiveCfg = Debug|x64
		{D0990401-C820-442D-A80C-A7C5F159E1EC}.Debug|x64.Build.0 = Debug|x64
		{D0990401-C820-442D-A80C-A7C5F159E1EC}.Debug|x86.ActiveCfg = Debug|Win32
		{D0990401-C820-442D-A80C-A7C5F159E1EC}.Debug|x86.Build.0 = Debug|Win32
		{D0990401-C820-442D-A80C-A7C5F159E1EC}.Release|x64.ActiveCfg = Release|x64
		{D0990401-C820-442D-A80C-A7C5F159E1EC}.Release|x64.Build.0 = Release|x64
		{D0990401-C820-442D-A80C-A7C5F159E1EC}.Release|x86.ActiveCfg = Release|Win32
		{D0990401-C820-442D-A80C-A7C5F159E1EC}.Release|x86.Build.0 = Release|Win32
		{1F32024A-F613-4AB0-82C7-F8785FE201B3}.Debug|x64.ActiveCfg = Debug|x64
		{1F32024A-F613-4AB0-82C7-F8785FE201B3}.Debug|x64.Build.0 = Debug|x64
		{1F32024A-F613-4AB0-82C7-F8785FE201B3}.Debug|x86.ActiveCfg = Debug|Win32
		{1F32024A-F613-4AB0-82C7-F8785FE201B3}.Debug|x86.Build.0 = Debug|Win32
		{1F32024A-F613-4AB0-82C7-F8785FE201B3}.Release|x64.ActiveCfg = Release|x64
		{1F32024A-F613-4AB0-82C7-F8785FE201B3}.Release|x64.Build.0 = Release|x64
		{1F32024A-F613-4AB0-82C7-F8785FE201B3}.Release|x86.ActiveCfg = Release|Win32
		{1F32024A-F613-4AB0-82C7-F8785FE201B3}.Release|x86.Build.0 = Release|Win32
		{41F7EBA3-8DFB-4D23-8854-6ADCC590B94F}.Debug|x64.ActiveCfg = Debug|x64
		{41F7EBA3-8DFB-4D23-8854-6ADCC590B94F}.Debug|x64.Build.0 = Debug|x64
		{41F7EBA3-8DFB-4D23-8854-6ADCC590B94F}.Debug|x86.ActiveCfg = Debug|Win32
		{41F7EBA3-8DFB-4D23-8854-6ADCC590B94F}.Debug|x86.Build.0 = Debug|Win32
		{41F7EBA3-8DFB-4D23-8854-6ADCC590B94F}.Release|x64.ActiveCfg = Release|x64
		{41F7EBA3-8DFB-4D23-8854-6ADCC590B94F}.Release|x64.Build.0 = Release|x64
		{41F7EBA3-8DFB-4D23-8854-6ADCC590B94F}.Release|x86.ActiveCfg = Release|Win32
		{41F7EBA3-8DFB-4D23-8854-6ADCC590B94F}.Release|x86.Build.0 = Release|Win32
		{B7C305C8-6BD0-4C09-9D67-0CFC096F3B7A}.Debug|x64.ActiveCfg = Debug|x64
		{B7C305C8-6BD0-4C09-9D67-0CFC096F3B7A}.Debug|x64.Build.0 = Debug|x64
		{B7C305C8-6BD0-4C09-9D67-0CFC096F3B7A}.Debug|x86.ActiveCfg = Debug|Win32
		{B7C305C8-6BD0-4C09-9D67-0CFC096F3B7A}.Debug|x86.Build.0 = Debug|Win32
		{B7C305C8-6BD0-4C09-9D67-0CFC096F3B7A}.Release|x64.ActiveCfg = Release|x64
		{B7C305C8-6BD0-4C09-9D67-0CFC096F3B7A}.Release|x64.Build.0 = Release|x64
		{B7C305C8-6BD0-4C09-9D67-0CFC096F3B7A}.Release|x86.ActiveCfg = Release|Win32
		{B7C305C8-6BD0-4C09-9D67-0CFC096F3B7A}.Release|x86.Build.0 = Release|Win32
		{9825EBCF-0787-4304-BFCA-564D062425D0}.Debug|x64.ActiveCfg = Debug|x64
		{9825EBCF-0787-4304-BFCA-564D062425D0}.Debug|x64.Build.0 = Debug|x64
		{9825EBCF-0787-4304-BFCA-564D062425D0}.Debug|x86.ActiveCfg = Debug|Win32
		{9825EBCF-0787-4304-BFCA-564D062425D0}.Debug|x86.Build.0 = Debug|Win32
		{9825EBCF-0787-4304-BFCA-564D062425D0}.Release|x64.ActiveCfg = Release|x64
		{9825EBCF-0787-4304-BFCA-564D062425D0}.Release|x64.Build.0 = Release|x64
		{9825EBCF-0787-4304-BFCA-564D062425D0}.Release|x86.ActiveCfg = Release|Win32
		{9825EBCF-0787-4304-BFCA-564D062425D0}.Release|x86.Build.0 = Release|Win32
		{CA248E6C-21BD-4141-AEE1-6312E907D6A9}.Debug|x64.ActiveCfg = Debug|x64
		{CA248E6C-21BD-4141-AEE1-6312E907D6A9}.Debug|x64.Build.0 = Debug|x64
		{CA248E6C-21BD-4141-AEE1-6312E907D6A9}.Debug|x86.ActiveCfg = Debug|Win32
		{CA248E6C-21BD-4141-AEE1-6312E907D6A9}.Debug|x86.Build.0 = Debug|Win32
		{CA248E6C-21BD-4141-AEE1-6312E907D6A9}.Release|x64.ActiveCfg = Release|x64
		{CA248E6C-21BD-4141-AEE1-6312E907D6A9}.Release|x64.Build.0 = Release|x64
		{CA248E6C-21BD-4141-AEE1-6312E907D6A9}.Release|x86.ActiveCfg = Release|Win32
		{CA248E6C-21BD-4141-AEE1-6312E907D6A9}.Release|x86.Build.0 = Release|Win32
		{4E0AA3E0-03DD-491E-B6F1-C0ACC869D2D2}.Debug|x64.ActiveCfg = Debug|x64
		{4E0AA3E0-03DD-491E-B6F1-C0ACC869D2D2}.Debug|x64.Build.0 = Debug|x64
		{4E0AA3E0-03DD-491E-B6F1-C0ACC869D2D2}.Debug|x86.ActiveCfg = Debug|Win32
		{4E0AA3E0-03DD-491E-B6F1-C0ACC869D2D2}.Debug|x86.Build.0 = Debug|Win32
		{4E0AA3E0-03DD-491E-B6F1-C0ACC869D2D2}.Release|x64.ActiveCfg = Release|x64
		{4E0AA3E0-03DD-491E-B6F1-C0ACC869D2D2}.Release|x64.Build.0 = Release|x64
		{4E0AA3E0-03DD-491E-B6F1-C0ACC869D2D2}.Release|x86.ActiveCfg = Release|Win32
		{4E0AA3E0-03DD-491E-B6F1-C0ACC869D2D2}.Release|x86.Build.0 = Release|Win32
		{603F0918-2A3A-428B-8968-7E6B25E854B4}.Debug|x64.ActiveCfg = Debug|x64
		{603F0918-2A3A-428B-8968-7E6B25E854B4}.Debug|x64.Build.0 = Debug|x64
		{603F0918-2A3A-428B-8968-7E6B25E854B4}.Debug|x86.ActiveCfg = Debug|Win32
		{603F0918-2A3A-428B-8968-7E6B25E854B4}.Debug|x86.Build.0 = Debug|Win32
		{603F0918-2A3A-428B-8968-7E6B25E854B4}.Release|x64.ActiveCfg = Release|x64
		{603F0918-2A3A-428B-8968-7E6B25E854B4}.Release|x64.Build.0 = Release|x64
		{603F0918-2A3A-428B-8968-7E6B25E854B4}.Release|x86.ActiveCfg = Release|Win32
		{603F0918-2A3A-428B-8968-7E6B25E854B4}.Release|x86.Build.0 = Release|Win32
		{72E50953-6B7E-4595-9871-14C13465F3F3}.Debug|x64.ActiveCfg = Debug|x64
		{72E50953-6B7E-4595-9871-14C13465F3F3}.Debug|x64.Build.0 = Debug|x64
		{72E50953-6B7E-4595-9871-14C13465F3F3}.Debug|x86.ActiveCfg = Debug|Win32
		{72E50953-6B7E-4595-9871-14C13465F3F3}.Debug|x86.Build.0 = Debug|Win32
		{72E50953-6B7E-4595-9871-14C13465F3F3}.Release|x64.ActiveCfg = Release|x64
		{72E50953-6B7E-4595-9871-14C13465F3F3}.Release|x64.Build.0 = Release|x64
		{72E50953-6B7E-4595-9871-14C13465F3F3}.Release|x86.ActiveCfg = Release|Win32
		{72E50953-6B7E-4595-9871-14C13465F3F3}.Release|x86.Build.0 = Release|Win32
		{CDFB3025-45AA-4A7C-86ED-F3234FB093E3}.Debug|x64.ActiveCfg = Debug|x64
		{CDFB3025-45AA-4A7C-86ED-F3234FB093E3}.Debug|x64.Build.0 = Debug|x64
		{CDFB3025-45AA-4A7C-86ED-F3234FB093E3}.Debug|x86.ActiveCfg = Debug|Win32
		{CDFB3025-45AA-4A7C-86ED-F3234FB093E3}.Debug|x86.Build.0 = Debug|Win32
		{CDFB3025-45AA-4A7C-86ED-F3234FB093E3}.Release|x64.ActiveCfg = Release|x64
		{CDFB3025-45AA-4A7C-86ED-F3234FB093E3}.Release|x64.Build.0 = Release|x64
		{CDFB3025-45AA-4A7C-86ED-F3234FB093E3}.Release|x86.ActiveCfg = Release|Win32
		{CDFB3025-45AA-4A7C-86ED-F3234FB093E3}.Release|x86.Build.0 = Release|Win32
		{9A2CE9EA-3756-4C4F-9C02-688581341FF2}.Debug|x64.ActiveCfg = Debug|x64
		{9A2CE9EA-3756-4C4F-9C02-688581341FF2}.Debug|x64.Build.0 = Debug|x64
		{9A2CE9EA-3756-4C4F-9C02-688581341FF2}.Debug|x86.ActiveCfg = Debug|Win32
		{9A2CE9EA-3756-4C4F-9C02-688581341FF2}.Debug|x86.Build.0 = Debug|Win32
		{9A2CE9EA-3756-4C4F-9C02-688581341FF2}.Release|x64.ActiveCfg = Release|x64
		{9A2CE9EA-3756-4C4F-9C02-688581341FF2}.Release|x64.Build.0 = Release|x64
		{9A2CE9EA-3756-4C4F-9C02-688581341FF2}.Release|x86.ActiveCfg = Release|Win32
		{9A2CE9EA-3756-4C4F-9C02-688581341FF2}.Release|x86.Build.0 = Release|Win32
		{05408F69-6861-4C9A-8A83-B915946096FA}.Debug|x64.ActiveCfg = Debug|x64
		{05408F69-6861-4C9A-8A83-B915946096FA}.Debug|x64.Build.0 = Debug|x64
		{05408F69-6861-4C9A-8A83-B915946096FA}.Debug|x86.ActiveCfg = Debug|Win32
		{05408F69-6861-4C9A-8A83-B915946096FA}.Debug|x86.Build.0 = Debug|Win32
		{05408F69-6861-4C9A-8A83-B915946096FA}.Release|x64.ActiveCfg = Release|x64
		{05408F69-6861-4C9A-8A83-B915946096FA}.Release|x64.Build.0 = Release|x64
		{05408F69-6861-4C9A-8A83-B915946096FA}.Release|x86.ActiveCfg = Release|Win32
		{05408F69-6861-4C9A-8A83-B915946096FA}.Release|x86.Build.0 = Release|Win32
		{9DBFC495-BA94-4473-85FF-91793877971C}.Debug|x64.ActiveCfg = Debug|x64
		{9DBFC495-BA94-4473-85FF-91793877971C}.Debug|x64.Build.0 = Debug|x64
		{9DBFC495-BA94-4473-85FF-91793877971C}.Debug|x86.ActiveCfg = Debug|Win32
		{9DBFC495-BA94-4473-85FF-91793877971C}.Debug|x86.Build.0 = Debug|Win32
		{9DBFC495-BA94-4473-85FF-91793877971C}.Release|x64.ActiveCfg = Release|x64
		{9DBFC495-BA94-4473-85FF-91793877971C}.Release|x64.Build.0 = Release|x64
		{9DBFC495-BA94-4473-85FF-91793877971C}.Release|x86.ActiveCfg = Release|Win32
		{9DBFC495-BA94-4473-85FF-91793877971C}.Release|x86.Build.0 = Release|Win32
		{35F0F619-5904-43D2-BCCF-1D6E7499046D}.Debug|x64.ActiveCfg = Debug|x64
		{35F0F619-5904-43D2-BCCF-1D6E7499046D}.Debug|x64.Build.0 = Debug|x64
		{35F0F619-5904-43D2-BCCF-1D6E7499046D}.Debug|x86.ActiveCfg = Debug|Win32
		{35F0F619-5904-43D2-BCCF-1D6E7499046D}.Debug|x86.Build.0 = Debug|Win32
		{35F0F619-5904-43D2-BCCF-1D6E7499046D}.Release|x64.ActiveCfg = Release|x64
		{35F0F619-5904-43D2-BCCF-1D6E7499046D}.Release|x64.Build.0 = Release|x64
		{35F0F619-5904-43D2-BCCF-1D6E7499046D}.Release|x86.ActiveCfg = Release|Win32
		{35F0F619-5904-43D2-BCCF-1D6E7499046D}.Release|x86.Build.0 = Release|Win32
		{61A049E7-0DCA-4FFB-96D1-E254A6FA8F16}.Debug|x64.ActiveCfg = Debug|x64
		{61A049E7-0DCA-4FFB-96D1-E254A6FA8F16}.Debug|x64.Build.0 = Debug|x64
		{61A049E7-0DCA-4FFB-96D1-E254A6FA8F16}.Debug|x86.ActiveCfg = Debug|Win32
		{61A049E7-0DCA-4FFB-96D1-E254A6FA8F16}.Debug|x86.Build.0 = Debug|Win32
		{61A049E7-0DCA-4FFB-96D1-E254A6FA8F16}.Release|x64.ActiveCfg = Release|x64
		{61A049E7-0DCA-4FFB-96D1-E254A6FA8F16}.Release|x64.Build.0 = Release|x64
		{61A049E7-0DCA-4FFB-96D1-E254A6FA8F16}.Release|x86.ActiveCfg = Release|Win32
		{61A049E7-0DCA-4FFB-96D1-E254A6FA8F16}.Release|x86.Build.0 = Release|Win32
		{FC8C0D0E-0652-4279-971E-AE86A9F50EAD}.Debug|x64.ActiveCfg = Debug|x64
		{FC8C0D0E-0652-4279-971E-AE86A9F50EAD}.Debug|x64.Build.0 = Debug|x64
		{FC8C0D0E-0652-4279-971E-AE86A9F50EAD}.Debug|x86.ActiveCfg = Debug|Win32
		{FC8C0D0E-0652-4279-971E-AE86A9F50EAD}.Debug|x86.Build.0 = Debug|Win32
		{FC8C0D0E-0652-4279-971E-AE86A9F50EAD}.Release|x64.ActiveCfg = Release|x64
		{FC8C0D0E-0652-4279-971E-AE86A9F50EAD}.Release|x64.Build.0 = Release|x64
		{FC8C0D0E-0652-4279-971E-AE86A9F50EAD}.Release|x86.ActiveCfg = Release|Win32
		{FC8C0D0E-0652-4279-971E-AE86A9F50EAD}.Release|x86.Build.0 = Release|Win32
		{CB0BA4BB-C6C2-47EE-AE97-E3A5D0C9A86D}.Debug|x64.ActiveCfg = Debug|x64
		{CB0BA4BB-C6C2-47EE-AE97-E3A5D0C9A86D}.Debug|x64.Build.0 = Debug|x64
		{CB0BA4BB-C6C2-47EE-AE97-E3A5D0C9A86D}.Debug|x86.ActiveCfg = Debug|Win32
		{CB0BA4BB-C6C2-47EE-AE97-E3A5D0C9A86D}.Debug|x86.Build.0 = Debug|Win32
		{CB0BA4BB-C6C2-47EE-AE97-E3A5D0C9A86D}.Release|x64.ActiveCfg = Release|x64
		{CB0BA4BB-C6C2-47EE-AE97-E3A5D0C9A86D}.Release|x64.Build.0 = Release|x64
		{CB0BA4BB-C6C2-47EE-AE97-E3A5D0C9A86D}.Release|x86.ActiveCfg = Release|Win32
		{CB0BA4BB-C6C2-47EE-AE97-E3A5D0C9A86D}.Release|x86.Build.0 = Release|Win32
		{9B391CD5-1C20-4A7E-AAA7-C2D2CB991D1D}.Debug|x64.ActiveCfg = Debug|x64
		{9B391CD5-1C20-4A7E-AAA7-C2D2CB991D1D}.Debug|x64.Build.0 = Debug|x64
		{9B391CD5-1C20-4A7E-AAA7-C2D2CB991D1D}.Debug|x86.ActiveCfg = Debug|Win32
		{9B391CD5-1C20-4A7E-AAA7-C2D2CB991D1D}.Debug|x86.Build.0 = Debug|Win32
		{9B391CD5-1C20-4A7E-AAA7-C2D2CB991D1D}.Release|x64.ActiveCfg = Release|x64
		{9B391CD5-1C20-4A7E-AAA7-C2D2CB991D1D}.Release|x64.Build.0 = Release|x64
		{9B391CD5-1C20-4A7E-AAA7-C2D2CB991D1D}.Release|x86.ActiveCfg = Release|Win32
		{9B391CD5-1C20-4A7E-AAA7-C2D2CB991D1D}.Release|x86.Build.0 = Release|Win32
		{D4F789DD-4421-4411-9979-4EE87946E0C7}.Debug|x64.ActiveCfg = Debug|x64
		{D4F789DD-4421-4411-9979-4EE87946E0C7}.Debug|x64.Build.0 = Debug|x64
		{D4F789DD-4421-4411-9979-4EE87946E0C7}.Debug|x86.ActiveCfg = Debug|Win32
		{D4F789DD-4421-4411-9979-4EE87946E0C7}.Debug|x86.Build.0 = Debug|Win32
		{D4F789DD-4421-4411-9979-4EE87946E0C7}.Release|x64.ActiveCfg = Release|x64
		{D4F789DD-4421-4411-9979-4EE87946E0C7}.Release|x64.Build.0 = Release|x64
		{D4F789DD-4421-4411-9979-4EE87946E0C7}.Release|x86.ActiveCfg = Release|Win32
		{D4F789DD-4421-4411-9979-4EE87946E0C7}.Release|x86.Build.0 = Release|Win32
		{2CAC3C78-43CF-4358-825D-62B96532B45F}.Debug|x64.ActiveCfg = Debug|x64
		{2CAC3C78-43CF-4358-825D-62B96532B45F}.Debug|x64.Build.0 = Debug|x64
		{2CAC3C78-43CF-4358-825D-62B96532B45F}.Debug|x86.ActiveCfg = Debug|Win32
		{2CAC3C78-43CF-4358-825D-62B96532B45F}.Debug|x86.Build.0 = Debug|Win32
		{2CAC3C78-43CF-4358-825D-62B96532B45F}.Release|x64.ActiveCfg = Release|x64
		{2CAC3C78-43CF-4358-825D-62B96532B45F}.Release|x64.Build.0 = Release|x64
		{2CAC3C78-43CF-4358-825D-62B96532B45F}.Release|x86.ActiveCfg = Release|Win32
		{2CAC3C78-43CF-4358-825D-62B96532B45F}.Release|x86.Build.0 = Release|Win32
		{47616766-718B-47A9-8EBA-435F945A53A7}.Debug|x64.ActiveCfg = Debug|x64
		{47616766-718B-47A9-8EBA-435F945A53A7}.Debug|x64.Build.0 = Debug|x64
		{47616766-718B-47A9-8EBA-435F945A53A7}.Debug|x86.ActiveCfg = Debug|Win32
		{47616766-718B-47A9-8EBA-435F945A53A7}.Debug|x86.Build.0 = Debug|Win32
		{47616766-718B-47A9-8EBA-435F945A53A7}.Release|x64.ActiveCfg = Release|x64
		{47616766-718B-47A9-8EBA-435F945A53A7}.Release|x64.Build.0 = Release|x64
		{47616766-718B-47A9-8EBA-435F945A53A7}.Release|x86.ActiveCfg = Release|Win32
		{47616766-718B-47A9-8EBA-435F945A53A7}.Release|x86.Build.0 = Release|Win32
		{F4B55747-B259-4283-8ABF-318A6EF5AB31}.Debug|x64.ActiveCfg = Debug|x64
		{F4B55747-B259-4283-8ABF-318A6EF5AB31}.Debug|x64.Build.0 = Debug|x64
		{F4B55747-B259-4283-8ABF-318A6EF5AB31}.Debug|x86.ActiveCfg = Debug|Win32
		{F4B55747-B259-4283-8ABF-318A6EF5AB31}.Debug|x86.Build.0 = Debug|Win32
		{F4B55747-B259-4283-8ABF-318A6EF5AB31}.Release|x64.ActiveCfg = Release|x64
		{F4B55747-B259-4283-8ABF-318A6EF5AB31}.Release|x64.Build.0 = Release|x64
		{F4B55747-B259-4283-8ABF-318A6EF5AB31}.Release|x86.ActiveCfg = Release|Win32
		{F4B55747-B259-4283-8ABF-318A6EF5AB31}.Release|x86.Build.0 = Release|Win32
	EndGlobalSection
	GlobalSection(SolutionProperties) = preSolution
		HideSolutionNode = FALSE
	EndGlobalSection
	GlobalSection(ExtensibilityGlobals) = postSolution
		SolutionGuid = {2E5D6397-800F-41A1-9891-3CEE8B6E6109}
	EndGlobalSection
EndGlobal
